
Microsoft Visual Studio Solution File, Format Version 12.00
# Visual Studio 14
VisualStudioVersion = 14.0.25420.1
MinimumVisualStudioVersion = 10.0.40219.1
Project("{FAE04EC0-301F-11D3-BF4B-00C04F79EFBC}") = "CyclingManager.Shared", "CyclingManager.Shared\CyclingManager.Shared.csproj", "{747C6A49-E72B-4D8A-A261-B28E3B9CD2EA}"
EndProject
Project("{FAE04EC0-301F-11D3-BF4B-00C04F79EFBC}") = "CyclingManager.Android", "CyclingManager.Android\CyclingManager.Android.csproj", "{F12B139E-0B0E-4841-8A31-1C557A53D574}"
EndProject
Global
	GlobalSection(SolutionConfigurationPlatforms) = preSolution
		Ad-Hoc|Any CPU = Ad-Hoc|Any CPU
		Ad-Hoc|iPhone = Ad-Hoc|iPhone
		Ad-Hoc|iPhoneSimulator = Ad-Hoc|iPhoneSimulator
		AppStore|Any CPU = AppStore|Any CPU
		AppStore|iPhone = AppStore|iPhone
		AppStore|iPhoneSimulator = AppStore|iPhoneSimulator
		Debug|Any CPU = Debug|Any CPU
		Debug|iPhone = Debug|iPhone
		Debug|iPhoneSimulator = Debug|iPhoneSimulator
		Release|Any CPU = Release|Any CPU
		Release|iPhone = Release|iPhone
		Release|iPhoneSimulator = Release|iPhoneSimulator
	EndGlobalSection
	GlobalSection(ProjectConfigurationPlatforms) = postSolution
		{747C6A49-E72B-4D8A-A261-B28E3B9CD2EA}.Ad-Hoc|Any CPU.ActiveCfg = Debug|Any CPU
		{747C6A49-E72B-4D8A-A261-B28E3B9CD2EA}.Ad-Hoc|Any CPU.Build.0 = Debug|Any CPU
		{747C6A49-E72B-4D8A-A261-B28E3B9CD2EA}.Ad-Hoc|iPhone.ActiveCfg = Release|Any CPU
		{747C6A49-E72B-4D8A-A261-B28E3B9CD2EA}.Ad-Hoc|iPhone.Build.0 = Release|Any CPU
		{747C6A49-E72B-4D8A-A261-B28E3B9CD2EA}.Ad-Hoc|iPhoneSimulator.ActiveCfg = Debug|Any CPU
		{747C6A49-E72B-4D8A-A261-B28E3B9CD2EA}.Ad-Hoc|iPhoneSimulator.Build.0 = Debug|Any CPU
		{747C6A49-E72B-4D8A-A261-B28E3B9CD2EA}.AppStore|Any CPU.ActiveCfg = Debug|Any CPU
		{747C6A49-E72B-4D8A-A261-B28E3B9CD2EA}.AppStore|Any CPU.Build.0 = Debug|Any CPU
		{747C6A49-E72B-4D8A-A261-B28E3B9CD2EA}.AppStore|iPhone.ActiveCfg = Release|Any CPU
		{747C6A49-E72B-4D8A-A261-B28E3B9CD2EA}.AppStore|iPhone.Build.0 = Release|Any CPU
		{747C6A49-E72B-4D8A-A261-B28E3B9CD2EA}.AppStore|iPhoneSimulator.ActiveCfg = Debug|Any CPU
		{747C6A49-E72B-4D8A-A261-B28E3B9CD2EA}.AppStore|iPhoneSimulator.Build.0 = Debug|Any CPU
		{747C6A49-E72B-4D8A-A261-B28E3B9CD2EA}.Debug|Any CPU.ActiveCfg = Debug|Any CPU
		{747C6A49-E72B-4D8A-A261-B28E3B9CD2EA}.Debug|Any CPU.Build.0 = Debug|Any CPU
		{747C6A49-E72B-4D8A-A261-B28E3B9CD2EA}.Debug|iPhone.ActiveCfg = Debug|Any CPU
		{747C6A49-E72B-4D8A-A261-B28E3B9CD2EA}.Debug|iPhone.Build.0 = Debug|Any CPU
		{747C6A49-E72B-4D8A-A261-B28E3B9CD2EA}.Debug|iPhoneSimulator.ActiveCfg = Debug|Any CPU
		{747C6A49-E72B-4D8A-A261-B28E3B9CD2EA}.Debug|iPhoneSimulator.Build.0 = Debug|Any CPU
		{747C6A49-E72B-4D8A-A261-B28E3B9CD2EA}.Release|Any CPU.ActiveCfg = Release|Any CPU
		{747C6A49-E72B-4D8A-A261-B28E3B9CD2EA}.Release|Any CPU.Build.0 = Release|Any CPU
		{747C6A49-E72B-4D8A-A261-B28E3B9CD2EA}.Release|iPhone.ActiveCfg = Release|Any CPU
		{747C6A49-E72B-4D8A-A261-B28E3B9CD2EA}.Release|iPhone.Build.0 = Release|Any CPU
		{747C6A49-E72B-4D8A-A261-B28E3B9CD2EA}.Release|iPhoneSimulator.ActiveCfg = Release|Any CPU
		{747C6A49-E72B-4D8A-A261-B28E3B9CD2EA}.Release|iPhoneSimulator.Build.0 = Release|Any CPU
		{F12B139E-0B0E-4841-8A31-1C557A53D574}.Ad-Hoc|Any CPU.ActiveCfg = Debug|Any CPU
		{F12B139E-0B0E-4841-8A31-1C557A53D574}.Ad-Hoc|Any CPU.Build.0 = Debug|Any CPU
		{F12B139E-0B0E-4841-8A31-1C557A53D574}.Ad-Hoc|Any CPU.Deploy.0 = Debug|Any CPU
		{F12B139E-0B0E-4841-8A31-1C557A53D574}.Ad-Hoc|iPhone.ActiveCfg = Release|Any CPU
		{F12B139E-0B0E-4841-8A31-1C557A53D574}.Ad-Hoc|iPhone.Build.0 = Release|Any CPU
		{F12B139E-0B0E-4841-8A31-1C557A53D574}.Ad-Hoc|iPhoneSimulator.ActiveCfg = Debug|Any CPU
		{F12B139E-0B0E-4841-8A31-1C557A53D574}.Ad-Hoc|iPhoneSimulator.Build.0 = Debug|Any CPU
		{F12B139E-0B0E-4841-8A31-1C557A53D574}.Ad-Hoc|iPhoneSimulator.Deploy.0 = Debug|Any CPU
		{F12B139E-0B0E-4841-8A31-1C557A53D574}.AppStore|Any CPU.ActiveCfg = Debug|Any CPU
		{F12B139E-0B0E-4841-8A31-1C557A53D574}.AppStore|Any CPU.Build.0 = Debug|Any CPU
		{F12B139E-0B0E-4841-8A31-1C557A53D574}.AppStore|Any CPU.Deploy.0 = Debug|Any CPU
		{F12B139E-0B0E-4841-8A31-1C557A53D574}.AppStore|iPhone.ActiveCfg = Release|Any CPU
		{F12B139E-0B0E-4841-8A31-1C557A53D574}.AppStore|iPhone.Build.0 = Release|Any CPU
		{F12B139E-0B0E-4841-8A31-1C557A53D574}.AppStore|iPhoneSimulator.ActiveCfg = Debug|Any CPU
		{F12B139E-0B0E-4841-8A31-1C557A53D574}.AppStore|iPhoneSimulator.Build.0 = Debug|Any CPU
		{F12B139E-0B0E-4841-8A31-1C557A53D574}.AppStore|iPhoneSimulator.Deploy.0 = Debug|Any CPU
		{F12B139E-0B0E-4841-8A31-1C557A53D574}.Debug|Any CPU.ActiveCfg = Debug|Any CPU
		{F12B139E-0B0E-4841-8A31-1C557A53D574}.Debug|Any CPU.Build.0 = Debug|Any CPU
		{F12B139E-0B0E-4841-8A31-1C557A53D574}.Debug|Any CPU.Deploy.0 = Debug|Any CPU
		{F12B139E-0B0E-4841-8A31-1C557A53D574}.Debug|iPhone.ActiveCfg = Debug|Any CPU
		{F12B139E-0B0E-4841-8A31-1C557A53D574}.Debug|iPhone.Build.0 = Debug|Any CPU
		{F12B139E-0B0E-4841-8A31-1C557A53D574}.Debug|iPhoneSimulator.ActiveCfg = Debug|Any CPU
		{F12B139E-0B0E-4841-8A31-1C557A53D574}.Debug|iPhoneSimulator.Build.0 = Debug|Any CPU
		{F12B139E-0B0E-4841-8A31-1C557A53D574}.Release|Any CPU.ActiveCfg = Release|Any CPU
		{F12B139E-0B0E-4841-8A31-1C557A53D574}.Release|Any CPU.Build.0 = Release|Any CPU
		{F12B139E-0B0E-4841-8A31-1C557A53D574}.Release|iPhone.ActiveCfg = Release|Any CPU
		{F12B139E-0B0E-4841-8A31-1C557A53D574}.Release|iPhone.Build.0 = Release|Any CPU
		{F12B139E-0B0E-4841-8A31-1C557A53D574}.Release|iPhoneSimulator.ActiveCfg = Release|Any CPU
		{F12B139E-0B0E-4841-8A31-1C557A53D574}.Release|iPhoneSimulator.Build.0 = Release|Any CPU
	EndGlobalSection
	GlobalSection(SolutionProperties) = preSolution
		HideSolutionNode = FALSE
	EndGlobalSection
EndGlobal
